
Microsoft Visual Studio Solution File, Format Version 12.00
# Visual Studio 15
VisualStudioVersion = 15.0.27703.2026
MinimumVisualStudioVersion = 10.0.40219.1
Project("{FAE04EC0-301F-11D3-BF4B-00C04F79EFBC}") = "IoCContainer", "IoCContainer\IoCContainer.csproj", "{1B629E00-D963-4FC0-A4EB-55806671B60E}"
EndProject
Project("{FAE04EC0-301F-11D3-BF4B-00C04F79EFBC}") = "IoCContainer.Test", "..\test\IoCContainer.Test\IoCContainer.Test.csproj", "{AD6AED91-C623-4322-8FF1-D6FE243BFFCB}"
EndProject
Global
	GlobalSection(SolutionConfigurationPlatforms) = preSolution
		Debug|Any CPU = Debug|Any CPU
		Release|Any CPU = Release|Any CPU
	EndGlobalSection
	GlobalSection(ProjectConfigurationPlatforms) = postSolution
		{1B629E00-D963-4FC0-A4EB-55806671B60E}.Debug|Any CPU.ActiveCfg = Debug|Any CPU
		{1B629E00-D963-4FC0-A4EB-55806671B60E}.Debug|Any CPU.Build.0 = Debug|Any CPU
		{1B629E00-D963-4FC0-A4EB-55806671B60E}.Release|Any CPU.ActiveCfg = Release|Any CPU
		{1B629E00-D963-4FC0-A4EB-55806671B60E}.Release|Any CPU.Build.0 = Release|Any CPU
		{AD6AED91-C623-4322-8FF1-D6FE243BFFCB}.Debug|Any CPU.ActiveCfg = Debug|Any CPU
		{AD6AED91-C623-4322-8FF1-D6FE243BFFCB}.Debug|Any CPU.Build.0 = Debug|Any CPU
		{AD6AED91-C623-4322-8FF1-D6FE243BFFCB}.Release|Any CPU.ActiveCfg = Release|Any CPU
		{AD6AED91-C623-4322-8FF1-D6FE243BFFCB}.Release|Any CPU.Build.0 = Release|Any CPU
	EndGlobalSection
	GlobalSection(SolutionProperties) = preSolution
		HideSolutionNode = FALSE
	EndGlobalSection
	GlobalSection(ExtensibilityGlobals) = postSolution
		SolutionGuid = {9F7ADEEF-E12A-4330-8608-F3C86979F761}
	EndGlobalSection
EndGlobal
